
Microsoft Visual Studio Solution File, Format Version 12.00
# Visual Studio 15
VisualStudioVersion = 15.0.28307.572
MinimumVisualStudioVersion = 10.0.40219.1
Project("{FAE04EC0-301F-11D3-BF4B-00C04F79EFBC}") = "WebChat", "WebChat\WebChat.csproj", "{3604B3D6-797F-46AC-9FA9-53F1DCC0D945}"
EndProject
Global
	GlobalSection(SolutionConfigurationPlatforms) = preSolution
		Debug|Any CPU = Debug|Any CPU
		Release|Any CPU = Release|Any CPU
	EndGlobalSection
	GlobalSection(ProjectConfigurationPlatforms) = postSolution
		{3604B3D6-797F-46AC-9FA9-53F1DCC0D945}.Debug|Any CPU.ActiveCfg = Debug|Any CPU
		{3604B3D6-797F-46AC-9FA9-53F1DCC0D945}.Debug|Any CPU.Build.0 = Debug|Any CPU
		{3604B3D6-797F-46AC-9FA9-53F1DCC0D945}.Release|Any CPU.ActiveCfg = Release|Any CPU
		{3604B3D6-797F-46AC-9FA9-53F1DCC0D945}.Release|Any CPU.Build.0 = Release|Any CPU
	EndGlobalSection
	GlobalSection(SolutionProperties) = preSolution
		HideSolutionNode = FALSE
	EndGlobalSection
	GlobalSection(ExtensibilityGlobals) = postSolution
		SolutionGuid = {3C02E3B9-56B5-4774-8B3E-0C8112A113BE}
	EndGlobalSection
EndGlobal
